
Microsoft Visual Studio Solution File, Format Version 12.00
# Visual Studio Version 17
VisualStudioVersion = 17.6.33815.320
MinimumVisualStudioVersion = 10.0.40219.1
Project("{2150E333-8FDC-42A3-9474-1A3956D46DE8}") = "02Manager", "02Manager", "{D2576941-4AD0-4208-A3F2-CCD10E120AF8}"
EndProject
Project("{2150E333-8FDC-42A3-9474-1A3956D46DE8}") = "03Data", "03Data", "{E3EE9E1A-733E-49F2-B719-9EC9F0B6441A}"
EndProject
Project("{2150E333-8FDC-42A3-9474-1A3956D46DE8}") = "04Core", "04Core", "{87396E8D-7767-4C6B-91DA-96D30304166A}"
EndProject
Project("{2150E333-8FDC-42A3-9474-1A3956D46DE8}") = "Solution Items", "Solution Items", "{744BAB53-3243-4CF3-99F4-AF837EDCC468}"
	ProjectSection(SolutionItems) = preProject
		Estrutura Crud produtos.jpg = Estrutura Crud produtos.jpg
		README.md = README.md
	EndProjectSection
EndProject
Project("{FAE04EC0-301F-11D3-BF4B-00C04F79EFBC}") = "Manager", "Manager\Manager.csproj", "{04DF4502-1B3C-46E4-BCDD-F0B098973C51}"
EndProject
Project("{FAE04EC0-301F-11D3-BF4B-00C04F79EFBC}") = "Data", "Data\Data.csproj", "{7081EA19-89BB-49D5-A3DC-C46D1D9A7A02}"
EndProject
Project("{FAE04EC0-301F-11D3-BF4B-00C04F79EFBC}") = "Core", "Core\Core.csproj", "{F5CAD1B7-76A1-4392-8463-2AF5547D2B80}"
EndProject
Project("{FAE04EC0-301F-11D3-BF4B-00C04F79EFBC}") = "ViewWebForms", "ViewWebForms\ViewWebForms.csproj", "{C11AFEB8-E38E-4C2E-9E8B-A097A6CFA6F5}"
EndProject
Project("{2150E333-8FDC-42A3-9474-1A3956D46DE8}") = "01ViewWebForms", "01ViewWebForms", "{F7FBF092-A16C-420C-8A8E-90D7716961AF}"
EndProject
Global
	GlobalSection(SolutionConfigurationPlatforms) = preSolution
		Debug|Any CPU = Debug|Any CPU
		Release|Any CPU = Release|Any CPU
	EndGlobalSection
	GlobalSection(ProjectConfigurationPlatforms) = postSolution
		{04DF4502-1B3C-46E4-BCDD-F0B098973C51}.Debug|Any CPU.ActiveCfg = Debug|Any CPU
		{04DF4502-1B3C-46E4-BCDD-F0B098973C51}.Debug|Any CPU.Build.0 = Debug|Any CPU
		{04DF4502-1B3C-46E4-BCDD-F0B098973C51}.Release|Any CPU.ActiveCfg = Release|Any CPU
		{04DF4502-1B3C-46E4-BCDD-F0B098973C51}.Release|Any CPU.Build.0 = Release|Any CPU
		{7081EA19-89BB-49D5-A3DC-C46D1D9A7A02}.Debug|Any CPU.ActiveCfg = Debug|Any CPU
		{7081EA19-89BB-49D5-A3DC-C46D1D9A7A02}.Debug|Any CPU.Build.0 = Debug|Any CPU
		{7081EA19-89BB-49D5-A3DC-C46D1D9A7A02}.Release|Any CPU.ActiveCfg = Release|Any CPU
		{7081EA19-89BB-49D5-A3DC-C46D1D9A7A02}.Release|Any CPU.Build.0 = Release|Any CPU
		{F5CAD1B7-76A1-4392-8463-2AF5547D2B80}.Debug|Any CPU.ActiveCfg = Debug|Any CPU
		{F5CAD1B7-76A1-4392-8463-2AF5547D2B80}.Debug|Any CPU.Build.0 = Debug|Any CPU
		{F5CAD1B7-76A1-4392-8463-2AF5547D2B80}.Release|Any CPU.ActiveCfg = Release|Any CPU
		{F5CAD1B7-76A1-4392-8463-2AF5547D2B80}.Release|Any CPU.Build.0 = Release|Any CPU
		{C11AFEB8-E38E-4C2E-9E8B-A097A6CFA6F5}.Debug|Any CPU.ActiveCfg = Debug|Any CPU
		{C11AFEB8-E38E-4C2E-9E8B-A097A6CFA6F5}.Debug|Any CPU.Build.0 = Debug|Any CPU
		{C11AFEB8-E38E-4C2E-9E8B-A097A6CFA6F5}.Release|Any CPU.ActiveCfg = Release|Any CPU
		{C11AFEB8-E38E-4C2E-9E8B-A097A6CFA6F5}.Release|Any CPU.Build.0 = Release|Any CPU
	EndGlobalSection
	GlobalSection(SolutionProperties) = preSolution
		HideSolutionNode = FALSE
	EndGlobalSection
	GlobalSection(NestedProjects) = preSolution
		{04DF4502-1B3C-46E4-BCDD-F0B098973C51} = {D2576941-4AD0-4208-A3F2-CCD10E120AF8}
		{7081EA19-89BB-49D5-A3DC-C46D1D9A7A02} = {E3EE9E1A-733E-49F2-B719-9EC9F0B6441A}
		{F5CAD1B7-76A1-4392-8463-2AF5547D2B80} = {87396E8D-7767-4C6B-91DA-96D30304166A}
		{C11AFEB8-E38E-4C2E-9E8B-A097A6CFA6F5} = {F7FBF092-A16C-420C-8A8E-90D7716961AF}
	EndGlobalSection
	GlobalSection(ExtensibilityGlobals) = postSolution
		SolutionGuid = {6A43B89E-E174-486B-AC14-D87E6BBA53D5}
	EndGlobalSection
EndGlobal
